<?xml version="1.0" encoding="utf-8"?>
<Project ToolsVersion="4.0" xmlns="http://schemas.microsoft.com/developer/msbuild/2003">
  <ItemGroup>
    <Filter Include="Source Files">
      <UniqueIdentifier>{4FC737F1-C7A5-4376-A066-2A32D752A2FF}</UniqueIdentifier>
      <Extensions>cpp;c;cc;cxx;def;odl;idl;hpj;bat;asm;asmx</Extensions>
    </Filter>
    <Filter Include="Resource Files">
      <UniqueIdentifier>{67DA6AB6-F800-4c08-8B7A-83BB121AAD01}</UniqueIdentifier>
      <Extensions>rc;ico;cur;bmp;dlg;rc2;rct;bin;rgs;gif;jpg;jpeg;jpe;resx;tiff;tif;png;wav;mfcribbon-ms</Extensions>
    </Filter>
    <Filter Include="Source Files\Input">
      <UniqueIdentifier>{fd3ddb6f-e012-456c-b782-3a157372dff0}</UniqueIdentifier>
    </Filter>
    <Filter Include="Source Files\Component">
      <UniqueIdentifier>{0392b8eb-e789-49cf-8128-7f680a9bdeb2}</UniqueIdentifier>
    </Filter>
    <Filter Include="Source Files\Component\Base">
      <UniqueIdentifier>{c2d93811-7f3f-41b9-938f-cf4184953a89}</UniqueIdentifier>
    </Filter>
    <Filter Include="Source Files\Observer">
      <UniqueIdentifier>{c6cee8c3-516d-44fb-ac31-2d09cc1fb6ae}</UniqueIdentifier>
    </Filter>
    <Filter Include="QBert">
      <UniqueIdentifier>{0ff07f33-673b-47b2-9c27-0fd2cd430ffa}</UniqueIdentifier>
    </Filter>
    <Filter Include="Source Files\Scene">
      <UniqueIdentifier>{8c279e97-85a9-4fcc-8c9a-3f55fe8d2e11}</UniqueIdentifier>
    </Filter>
    <Filter Include="Source Files\UI">
      <UniqueIdentifier>{ec04f782-e378-4225-b954-190eae7b85be}</UniqueIdentifier>
    </Filter>
    <Filter Include="Source Files\Sound">
      <UniqueIdentifier>{54ebcf8e-2961-47da-ab08-e0c482b5c75e}</UniqueIdentifier>
    </Filter>
    <Filter Include="Source Files\Lua">
      <UniqueIdentifier>{aa854eef-40c6-499f-828a-5c4465307d06}</UniqueIdentifier>
    </Filter>
    <Filter Include="Source Files\imgui">
      <UniqueIdentifier>{8177de02-0bed-4805-a7dd-d18a205b1727}</UniqueIdentifier>
    </Filter>
  </ItemGroup>
  <ItemGroup>
    <ClInclude Include="Font.h">
      <Filter>Source Files</Filter>
    </ClInclude>
    <ClInclude Include="SmileEngine.h">
      <Filter>Source Files</Filter>
    </ClInclude>
    <ClInclude Include="SmileEnginePCH.h">
      <Filter>Source Files</Filter>
    </ClInclude>
    <ClInclude Include="Renderer.h">
      <Filter>Source Files</Filter>
    </ClInclude>
    <ClInclude Include="ResourceManager.h">
      <Filter>Source Files</Filter>
    </ClInclude>
    <ClInclude Include="Singleton.h">
      <Filter>Source Files</Filter>
    </ClInclude>
    <ClInclude Include="Texture2D.h">
      <Filter>Source Files</Filter>
    </ClInclude>
    <ClInclude Include="Component.h">
      <Filter>Source Files\Component\Base</Filter>
    </ClInclude>
    <ClInclude Include="C_FPSCounter.h">
      <Filter>Source Files\Component</Filter>
    </ClInclude>
    <ClInclude Include="C_Text.h">
      <Filter>Source Files\Component</Filter>
    </ClInclude>
    <ClInclude Include="C_Transform.h">
      <Filter>Source Files\Component</Filter>
    </ClInclude>
    <ClInclude Include="InputManager.h">
      <Filter>Source Files\Input</Filter>
    </ClInclude>
    <ClInclude Include="XBoxController.h">
      <Filter>Source Files\Input</Filter>
    </ClInclude>
    <ClInclude Include="InputCommands.h">
      <Filter>Source Files\Input</Filter>
    </ClInclude>
    <ClInclude Include="C_Render.h">
      <Filter>Source Files\Component</Filter>
    </ClInclude>
    <ClInclude Include="Observer.h">
      <Filter>Source Files\Observer</Filter>
    </ClInclude>
    <ClInclude Include="Subject.h">
      <Filter>Source Files\Observer</Filter>
    </ClInclude>
    <ClInclude Include="Scene.h">
      <Filter>Source Files\Scene</Filter>
    </ClInclude>
    <ClInclude Include="UIManager.h">
      <Filter>Source Files\UI</Filter>
    </ClInclude>
    <ClInclude Include="SmTime.h">
      <Filter>Source Files</Filter>
    </ClInclude>
    <ClInclude Include="SmileEngineLibType.h">
      <Filter>Source Files</Filter>
    </ClInclude>
    <ClInclude Include="ServiceLocator.h">
      <Filter>Source Files</Filter>
    </ClInclude>
    <ClInclude Include="SoundSystem.h">
      <Filter>Source Files\Sound</Filter>
    </ClInclude>
    <ClInclude Include="SDLSoundSystem.h">
      <Filter>Source Files\Sound</Filter>
    </ClInclude>
    <ClInclude Include="NullSoundSystem.h">
      <Filter>Source Files\Sound</Filter>
    </ClInclude>
    <ClInclude Include="SDLInputSystem.h">
      <Filter>Source Files\Input</Filter>
    </ClInclude>
    <ClInclude Include="NPCManager.h">
      <Filter>Source Files</Filter>
    </ClInclude>
    <ClInclude Include="LuaFunctions.h">
      <Filter>Source Files\Lua</Filter>
    </ClInclude>
    <ClInclude Include="LuaVM.h">
      <Filter>Source Files\Lua</Filter>
    </ClInclude>
    <ClInclude Include="SceneManager.h">
      <Filter>Source Files\Scene</Filter>
    </ClInclude>
    <ClInclude Include="UILayer.h">
      <Filter>Source Files\UI</Filter>
    </ClInclude>
    <ClInclude Include="..\3rdParty\imgui-master\backends\imgui_impl_opengl2.h">
      <Filter>Source Files\imgui</Filter>
    </ClInclude>
    <ClInclude Include="..\3rdParty\imgui-master\backends\imgui_impl_sdl.h">
      <Filter>Source Files\imgui</Filter>
    </ClInclude>
    <ClInclude Include="..\3rdParty\imgui-master\imconfig.h">
      <Filter>Source Files\imgui</Filter>
    </ClInclude>
    <ClInclude Include="..\3rdParty\imgui-master\imgui.h">
      <Filter>Source Files\imgui</Filter>
    </ClInclude>
    <ClInclude Include="..\3rdParty\imgui-master\imgui_internal.h">
      <Filter>Source Files\imgui</Filter>
    </ClInclude>
    <ClInclude Include="..\3rdParty\imgui-master\imstb_rectpack.h">
      <Filter>Source Files\imgui</Filter>
    </ClInclude>
    <ClInclude Include="..\3rdParty\imgui-master\imstb_textedit.h">
      <Filter>Source Files\imgui</Filter>
    </ClInclude>
    <ClInclude Include="..\3rdParty\imgui-master\imstb_truetype.h">
      <Filter>Source Files\imgui</Filter>
    </ClInclude>
    <ClInclude Include="GameObject.h">
      <Filter>Source Files\Scene</Filter>
    </ClInclude>
    <ClInclude Include="BinaryReader.h">
      <Filter>Source Files</Filter>
    </ClInclude>
    <ClInclude Include="BinaryWriter.h">
      <Filter>Source Files</Filter>
    </ClInclude>
  </ItemGroup>
  <ItemGroup>
    <ClCompile Include="SmileEnginePCH.cpp">
      <Filter>Source Files</Filter>
    </ClCompile>
    <ClCompile Include="ResourceManager.cpp">
      <Filter>Source Files</Filter>
    </ClCompile>
    <ClCompile Include="Renderer.cpp">
      <Filter>Source Files</Filter>
    </ClCompile>
    <ClCompile Include="Texture2D.cpp">
      <Filter>Source Files</Filter>
    </ClCompile>
    <ClCompile Include="Font.cpp">
      <Filter>Source Files</Filter>
    </ClCompile>
    <ClCompile Include="Main.cpp">
      <Filter>Source Files</Filter>
    </ClCompile>
    <ClCompile Include="SmileEngine.cpp">
      <Filter>Source Files</Filter>
    </ClCompile>
    <ClCompile Include="Component.cpp">
      <Filter>Source Files\Component\Base</Filter>
    </ClCompile>
    <ClCompile Include="C_FPSCounter.cpp">
      <Filter>Source Files\Component</Filter>
    </ClCompile>
    <ClCompile Include="C_Text.cpp">
      <Filter>Source Files\Component</Filter>
    </ClCompile>
    <ClCompile Include="C_Transform.cpp">
      <Filter>Source Files\Component</Filter>
    </ClCompile>
    <ClCompile Include="InputManager.cpp">
      <Filter>Source Files\Input</Filter>
    </ClCompile>
    <ClCompile Include="XBoxController.cpp">
      <Filter>Source Files\Input</Filter>
    </ClCompile>
    <ClCompile Include="InputCommands.cpp">
      <Filter>Source Files\Input</Filter>
    </ClCompile>
    <ClCompile Include="C_Render.cpp">
      <Filter>Source Files\Component</Filter>
    </ClCompile>
    <ClCompile Include="Observer.cpp">
      <Filter>Source Files\Observer</Filter>
    </ClCompile>
    <ClCompile Include="Subject.cpp">
      <Filter>Source Files\Observer</Filter>
    </ClCompile>
    <ClCompile Include="Scene.cpp">
      <Filter>Source Files\Scene</Filter>
    </ClCompile>
    <ClCompile Include="UIManager.cpp">
      <Filter>Source Files\UI</Filter>
    </ClCompile>
    <ClCompile Include="SmTime.cpp">
      <Filter>Source Files</Filter>
    </ClCompile>
    <ClCompile Include="SoundSystem.cpp">
      <Filter>Source Files\Sound</Filter>
    </ClCompile>
    <ClCompile Include="ServiceLocator.cpp">
      <Filter>Source Files</Filter>
    </ClCompile>
    <ClCompile Include="SDLSoundSystem.cpp">
      <Filter>Source Files\Sound</Filter>
    </ClCompile>
    <ClCompile Include="NullSoundSystem.cpp">
      <Filter>Source Files\Sound</Filter>
    </ClCompile>
    <ClCompile Include="SDLInputSystem.cpp">
      <Filter>Source Files\Input</Filter>
    </ClCompile>
    <ClCompile Include="NPCManager.cpp">
      <Filter>Source Files</Filter>
    </ClCompile>
    <ClCompile Include="LuaFunctions.cpp">
      <Filter>Source Files\Lua</Filter>
    </ClCompile>
    <ClCompile Include="LuaVM.cpp">
      <Filter>Source Files\Lua</Filter>
    </ClCompile>
    <ClCompile Include="SceneManager.cpp">
      <Filter>Source Files\Scene</Filter>
    </ClCompile>
    <ClCompile Include="UILayer.cpp">
      <Filter>Source Files\UI</Filter>
    </ClCompile>
    <ClCompile Include="..\3rdParty\imgui-master\backends\imgui_impl_opengl2.cpp">
      <Filter>Source Files\imgui</Filter>
    </ClCompile>
    <ClCompile Include="..\3rdParty\imgui-master\backends\imgui_impl_sdl.cpp">
      <Filter>Source Files\imgui</Filter>
    </ClCompile>
    <ClCompile Include="..\3rdParty\imgui-master\imgui.cpp">
      <Filter>Source Files\imgui</Filter>
    </ClCompile>
    <ClCompile Include="..\3rdParty\imgui-master\imgui_demo.cpp">
      <Filter>Source Files\imgui</Filter>
    </ClCompile>
    <ClCompile Include="..\3rdParty\imgui-master\imgui_draw.cpp">
      <Filter>Source Files\imgui</Filter>
    </ClCompile>
    <ClCompile Include="..\3rdParty\imgui-master\imgui_tables.cpp">
      <Filter>Source Files\imgui</Filter>
    </ClCompile>
    <ClCompile Include="..\3rdParty\imgui-master\imgui_widgets.cpp">
      <Filter>Source Files\imgui</Filter>
    </ClCompile>
    <ClCompile Include="GameObject.cpp">
      <Filter>Source Files\Scene</Filter>
    </ClCompile>
    <ClCompile Include="BinaryReader.cpp">
      <Filter>Source Files</Filter>
    </ClCompile>
    <ClCompile Include="BinaryWriter.cpp">
      <Filter>Source Files</Filter>
    </ClCompile>
  </ItemGroup>
</Project>