<?xml version="1.0" encoding="utf-8"?>
<Project ToolsVersion="4.0" xmlns="http://schemas.microsoft.com/developer/msbuild/2003">
  <ItemGroup>
    <Filter Include="Source Files">
      <UniqueIdentifier>{4FC737F1-C7A5-4376-A066-2A32D752A2FF}</UniqueIdentifier>
      <Extensions>cpp;c;cc;cxx;c++;cppm;ixx;def;odl;idl;hpj;bat;asm;asmx</Extensions>
    </Filter>
    <Filter Include="Resource Files">
      <UniqueIdentifier>{67DA6AB6-F800-4c08-8B7A-83BB121AAD01}</UniqueIdentifier>
      <Extensions>rc;ico;cur;bmp;dlg;rc2;rct;bin;rgs;gif;jpg;jpeg;jpe;resx;tiff;tif;png;wav;mfcribbon-ms</Extensions>
    </Filter>
    <Filter Include="Source Files\Scenes">
      <UniqueIdentifier>{12f83ea7-cfeb-4599-b65e-28062a62a520}</UniqueIdentifier>
    </Filter>
    <Filter Include="Source Files\Components">
      <UniqueIdentifier>{7bf9e9cd-a41a-4cfe-bbda-169ad0020c26}</UniqueIdentifier>
    </Filter>
    <Filter Include="Source Files\UI">
      <UniqueIdentifier>{f2eac3bc-5703-4ad2-ba3f-7b439214126a}</UniqueIdentifier>
    </Filter>
    <Filter Include="Source Files\Scenes\singleplayer">
      <UniqueIdentifier>{c7ee0d26-5600-49fd-b238-b0f6aa1fb832}</UniqueIdentifier>
    </Filter>
    <Filter Include="Source Files\Scenes\co-op">
      <UniqueIdentifier>{ff9ecb49-b004-4852-81fc-4c4dd9a00e81}</UniqueIdentifier>
    </Filter>
    <Filter Include="Source Files\Scenes\versus">
      <UniqueIdentifier>{1d7b9bca-d4f9-4072-995c-dc36f4618a92}</UniqueIdentifier>
    </Filter>
  </ItemGroup>
  <ItemGroup>
    <ClCompile Include="main.cpp">
      <Filter>Source Files</Filter>
    </ClCompile>
    <ClCompile Include="CoopLevel1.cpp">
      <Filter>Source Files\Scenes\co-op</Filter>
    </ClCompile>
    <ClCompile Include="Level3.cpp">
      <Filter>Source Files\Scenes\singleplayer</Filter>
    </ClCompile>
    <ClCompile Include="Input.cpp">
      <Filter>Source Files</Filter>
    </ClCompile>
    <ClCompile Include="C_CoilyController.cpp">
      <Filter>Source Files\Components</Filter>
    </ClCompile>
    <ClCompile Include="C_GameManager.cpp">
      <Filter>Source Files\Components</Filter>
    </ClCompile>
    <ClCompile Include="C_Health.cpp">
      <Filter>Source Files\Components</Filter>
    </ClCompile>
    <ClCompile Include="C_Lives.cpp">
      <Filter>Source Files\Components</Filter>
    </ClCompile>
    <ClCompile Include="C_PlayerCollision.cpp">
      <Filter>Source Files\Components</Filter>
    </ClCompile>
    <ClCompile Include="C_QBertMovement.cpp">
      <Filter>Source Files\Components</Filter>
    </ClCompile>
    <ClCompile Include="C_Score.cpp">
      <Filter>Source Files\Components</Filter>
    </ClCompile>
    <ClCompile Include="C_SlickAndSlamController.cpp">
      <Filter>Source Files\Components</Filter>
    </ClCompile>
    <ClCompile Include="C_Teleport.cpp">
      <Filter>Source Files\Components</Filter>
    </ClCompile>
    <ClCompile Include="C_Tile.cpp">
      <Filter>Source Files\Components</Filter>
    </ClCompile>
    <ClCompile Include="C_UggController.cpp">
      <Filter>Source Files\Components</Filter>
    </ClCompile>
    <ClCompile Include="C_WrongwayController.cpp">
      <Filter>Source Files\Components</Filter>
    </ClCompile>
    <ClCompile Include="ControlsMenu.cpp">
      <Filter>Source Files\UI</Filter>
    </ClCompile>
    <ClCompile Include="GameModeMenu.cpp">
      <Filter>Source Files\UI</Filter>
    </ClCompile>
    <ClCompile Include="MainMenu.cpp">
      <Filter>Source Files\Scenes</Filter>
    </ClCompile>
    <ClCompile Include="Level1.cpp">
      <Filter>Source Files\Scenes\singleplayer</Filter>
    </ClCompile>
    <ClCompile Include="Level2.cpp">
      <Filter>Source Files\Scenes\singleplayer</Filter>
    </ClCompile>
    <ClCompile Include="PlayerUI.cpp">
      <Filter>Source Files\UI</Filter>
    </ClCompile>
    <ClCompile Include="CoopLevel2.cpp">
      <Filter>Source Files\Scenes\co-op</Filter>
    </ClCompile>
    <ClCompile Include="CoopLevel3.cpp">
      <Filter>Source Files\Scenes\co-op</Filter>
    </ClCompile>
    <ClCompile Include="VersusLevel1.cpp">
      <Filter>Source Files\Scenes\versus</Filter>
    </ClCompile>
    <ClCompile Include="VersusLevel2.cpp">
      <Filter>Source Files\Scenes\versus</Filter>
    </ClCompile>
    <ClCompile Include="VersusLevel3.cpp">
      <Filter>Source Files\Scenes\versus</Filter>
    </ClCompile>
  </ItemGroup>
  <ItemGroup>
    <ClInclude Include="CoopLevel1.h">
      <Filter>Source Files\Scenes\co-op</Filter>
    </ClInclude>
    <ClInclude Include="Level3.h">
      <Filter>Source Files\Scenes\singleplayer</Filter>
    </ClInclude>
    <ClInclude Include="Input.h">
      <Filter>Source Files</Filter>
    </ClInclude>
    <ClInclude Include="MainMenu.h">
      <Filter>Source Files\Scenes</Filter>
    </ClInclude>
    <ClInclude Include="C_CoilyController.h">
      <Filter>Source Files\Components</Filter>
    </ClInclude>
    <ClInclude Include="C_GameManager.h">
      <Filter>Source Files\Components</Filter>
    </ClInclude>
    <ClInclude Include="C_Health.h">
      <Filter>Source Files\Components</Filter>
    </ClInclude>
    <ClInclude Include="C_Lives.h">
      <Filter>Source Files\Components</Filter>
    </ClInclude>
    <ClInclude Include="C_PlayerCollision.h">
      <Filter>Source Files\Components</Filter>
    </ClInclude>
    <ClInclude Include="C_QBertMovement.h">
      <Filter>Source Files\Components</Filter>
    </ClInclude>
    <ClInclude Include="C_Score.h">
      <Filter>Source Files\Components</Filter>
    </ClInclude>
    <ClInclude Include="C_SlickAndSlamController.h">
      <Filter>Source Files\Components</Filter>
    </ClInclude>
    <ClInclude Include="C_Teleport.h">
      <Filter>Source Files\Components</Filter>
    </ClInclude>
    <ClInclude Include="C_Tile.h">
      <Filter>Source Files\Components</Filter>
    </ClInclude>
    <ClInclude Include="C_UggController.h">
      <Filter>Source Files\Components</Filter>
    </ClInclude>
    <ClInclude Include="C_WrongwayController.h">
      <Filter>Source Files\Components</Filter>
    </ClInclude>
    <ClInclude Include="Level1.h">
      <Filter>Source Files\Scenes\singleplayer</Filter>
    </ClInclude>
    <ClInclude Include="Level2.h">
      <Filter>Source Files\Scenes\singleplayer</Filter>
    </ClInclude>
    <ClInclude Include="PlayerUI.h">
      <Filter>Source Files\UI</Filter>
    </ClInclude>
    <ClInclude Include="ControlsMenu.h">
      <Filter>Source Files\UI</Filter>
    </ClInclude>
    <ClInclude Include="GameModeMenu.h">
      <Filter>Source Files\UI</Filter>
    </ClInclude>
    <ClInclude Include="CoopLevel2.h">
      <Filter>Source Files\Scenes\co-op</Filter>
    </ClInclude>
    <ClInclude Include="CoopLevel3.h">
      <Filter>Source Files\Scenes\co-op</Filter>
    </ClInclude>
    <ClInclude Include="VersusLevel1.h">
      <Filter>Source Files\Scenes\versus</Filter>
    </ClInclude>
    <ClInclude Include="VersusLevel2.h">
      <Filter>Source Files\Scenes\versus</Filter>
    </ClInclude>
    <ClInclude Include="VersusLevel3.h">
      <Filter>Source Files\Scenes\versus</Filter>
    </ClInclude>
  </ItemGroup>
  <ItemGroup>
    <None Include="imgui.ini" />
  </ItemGroup>
</Project>